// !$*UTF8*$!
{
	archiveVersion = 1;
	classes = {
	};
	objectVersion = 56;
	objects = {

/* Begin PBXBuildFile section */
		A259E6162916294000399D41 /* AppDelegate.swift in Sources */ = {isa = PBXBuildFile; fileRef = A259E6152916294000399D41 /* AppDelegate.swift */; };
		A259E6182916294000399D41 /* SceneDelegate.swift in Sources */ = {isa = PBXBuildFile; fileRef = A259E6172916294000399D41 /* SceneDelegate.swift */; };
		A259E61A2916294000399D41 /* ViewController.swift in Sources */ = {isa = PBXBuildFile; fileRef = A259E6192916294000399D41 /* ViewController.swift */; };
		A259E61D2916294000399D41 /* Main.storyboard in Resources */ = {isa = PBXBuildFile; fileRef = A259E61B2916294000399D41 /* Main.storyboard */; };
		A259E61F2916294200399D41 /* Assets.xcassets in Resources */ = {isa = PBXBuildFile; fileRef = A259E61E2916294200399D41 /* Assets.xcassets */; };
		A259E6222916294200399D41 /* LaunchScreen.storyboard in Resources */ = {isa = PBXBuildFile; fileRef = A259E6202916294200399D41 /* LaunchScreen.storyboard */; };
		A28DD83329178BD600F40703 /* HomeViewController.swift in Sources */ = {isa = PBXBuildFile; fileRef = A28DD83229178BD600F40703 /* HomeViewController.swift */; };
		A28DEF432918A9EE007C310A /* Alerts.swift in Sources */ = {isa = PBXBuildFile; fileRef = A28DEF422918A9EE007C310A /* Alerts.swift */; };
		A29C27B12918921200D19628 /* HomeViewController.xib in Resources */ = {isa = PBXBuildFile; fileRef = A29C27B02918921200D19628 /* HomeViewController.xib */; };
		A2F983ED29173CE1006DFC59 /* GoogleService-Info.plist in Resources */ = {isa = PBXBuildFile; fileRef = A2F983EC29173CE1006DFC59 /* GoogleService-Info.plist */; };
		A2F9842729174953006DFC59 /* FirebaseAnalytics in Frameworks */ = {isa = PBXBuildFile; productRef = A2F9842629174953006DFC59 /* FirebaseAnalytics */; };
		A2F9842929174953006DFC59 /* FirebaseAuth in Frameworks */ = {isa = PBXBuildFile; productRef = A2F9842829174953006DFC59 /* FirebaseAuth */; };
		A2F9842B29174953006DFC59 /* FirebaseAuthCombine-Community in Frameworks */ = {isa = PBXBuildFile; productRef = A2F9842A29174953006DFC59 /* FirebaseAuthCombine-Community */; };
		A2F9842D29174953006DFC59 /* FirebaseDatabase in Frameworks */ = {isa = PBXBuildFile; productRef = A2F9842C29174953006DFC59 /* FirebaseDatabase */; };
		A2F9842F29174953006DFC59 /* FirebaseDatabaseSwift in Frameworks */ = {isa = PBXBuildFile; productRef = A2F9842E29174953006DFC59 /* FirebaseDatabaseSwift */; };
		A2F9843129174953006DFC59 /* FirebaseStorage in Frameworks */ = {isa = PBXBuildFile; productRef = A2F9843029174953006DFC59 /* FirebaseStorage */; };
		A2F98433291751D0006DFC59 /* AuthViewController.swift in Sources */ = {isa = PBXBuildFile; fileRef = A2F98432291751D0006DFC59 /* AuthViewController.swift */; };
		A2F9843729175C6D006DFC59 /* GradientButtonUI.swift in Sources */ = {isa = PBXBuildFile; fileRef = A2F9843629175C6D006DFC59 /* GradientButtonUI.swift */; };
/* End PBXBuildFile section */

/* Begin PBXFileReference section */
		A259E6122916294000399D41 /* SafelyApp.app */ = {isa = PBXFileReference; explicitFileType = wrapper.application; includeInIndex = 0; path = SafelyApp.app; sourceTree = BUILT_PRODUCTS_DIR; };
		A259E6152916294000399D41 /* AppDelegate.swift */ = {isa = PBXFileReference; lastKnownFileType = sourcecode.swift; path = AppDelegate.swift; sourceTree = "<group>"; };
		A259E6172916294000399D41 /* SceneDelegate.swift */ = {isa = PBXFileReference; lastKnownFileType = sourcecode.swift; path = SceneDelegate.swift; sourceTree = "<group>"; };
		A259E6192916294000399D41 /* ViewController.swift */ = {isa = PBXFileReference; lastKnownFileType = sourcecode.swift; path = ViewController.swift; sourceTree = "<group>"; };
		A259E61C2916294000399D41 /* Base */ = {isa = PBXFileReference; lastKnownFileType = file.storyboard; name = Base; path = Base.lproj/Main.storyboard; sourceTree = "<group>"; };
		A259E61E2916294200399D41 /* Assets.xcassets */ = {isa = PBXFileReference; lastKnownFileType = folder.assetcatalog; path = Assets.xcassets; sourceTree = "<group>"; };
		A259E6212916294200399D41 /* Base */ = {isa = PBXFileReference; lastKnownFileType = file.storyboard; name = Base; path = Base.lproj/LaunchScreen.storyboard; sourceTree = "<group>"; };
		A259E6232916294200399D41 /* Info.plist */ = {isa = PBXFileReference; lastKnownFileType = text.plist.xml; path = Info.plist; sourceTree = "<group>"; };
		A28DD83229178BD600F40703 /* HomeViewController.swift */ = {isa = PBXFileReference; lastKnownFileType = sourcecode.swift; path = HomeViewController.swift; sourceTree = "<group>"; };
		A28DEF422918A9EE007C310A /* Alerts.swift */ = {isa = PBXFileReference; lastKnownFileType = sourcecode.swift; path = Alerts.swift; sourceTree = "<group>"; };
		A29C27B02918921200D19628 /* HomeViewController.xib */ = {isa = PBXFileReference; lastKnownFileType = file.xib; name = HomeViewController.xib; path = Atoms/HomeViewController.xib; sourceTree = "<group>"; };
		A2F983EC29173CE1006DFC59 /* GoogleService-Info.plist */ = {isa = PBXFileReference; fileEncoding = 4; lastKnownFileType = text.plist.xml; path = "GoogleService-Info.plist"; sourceTree = "<group>"; };
		A2F98432291751D0006DFC59 /* AuthViewController.swift */ = {isa = PBXFileReference; lastKnownFileType = sourcecode.swift; path = AuthViewController.swift; sourceTree = "<group>"; };
		A2F9843629175C6D006DFC59 /* GradientButtonUI.swift */ = {isa = PBXFileReference; lastKnownFileType = sourcecode.swift; path = GradientButtonUI.swift; sourceTree = "<group>"; };
/* End PBXFileReference section */

/* Begin PBXFrameworksBuildPhase section */
		A259E60F2916294000399D41 /* Frameworks */ = {
			isa = PBXFrameworksBuildPhase;
			buildActionMask = 2147483647;
			files = (
				A2F9842F29174953006DFC59 /* FirebaseDatabaseSwift in Frameworks */,
				A2F9842729174953006DFC59 /* FirebaseAnalytics in Frameworks */,
				A2F9842B29174953006DFC59 /* FirebaseAuthCombine-Community in Frameworks */,
				A2F9842D29174953006DFC59 /* FirebaseDatabase in Frameworks */,
				A2F9842929174953006DFC59 /* FirebaseAuth in Frameworks */,
				A2F9843129174953006DFC59 /* FirebaseStorage in Frameworks */,
			);
			runOnlyForDeploymentPostprocessing = 0;
		};
/* End PBXFrameworksBuildPhase section */

/* Begin PBXGroup section */
		A259E6092916294000399D41 = {
			isa = PBXGroup;
			children = (
				A259E6142916294000399D41 /* SafelyApp */,
				A259E6132916294000399D41 /* Products */,
			);
			sourceTree = "<group>";
		};
		A259E6132916294000399D41 /* Products */ = {
			isa = PBXGroup;
			children = (
				A259E6122916294000399D41 /* SafelyApp.app */,
			);
			name = Products;
			sourceTree = "<group>";
		};
		A259E6142916294000399D41 /* SafelyApp */ = {
			isa = PBXGroup;
			children = (
				A28334F3291AF8BB00D6CE66 /* Helpers */,
				A28334F2291AF3C800D6CE66 /* View */,
				A28334F1291AE20700D6CE66 /* Controller */,
				A28334F0291AE1FD00D6CE66 /* Model */,
				A2F9843429175BFA006DFC59 /* Atoms */,
				A259E6152916294000399D41 /* AppDelegate.swift */,
				A259E6172916294000399D41 /* SceneDelegate.swift */,
				A259E61B2916294000399D41 /* Main.storyboard */,
				A29C27B02918921200D19628 /* HomeViewController.xib */,
				A259E6202916294200399D41 /* LaunchScreen.storyboard */,
				A259E61E2916294200399D41 /* Assets.xcassets */,
				A259E6232916294200399D41 /* Info.plist */,
				A2F983EC29173CE1006DFC59 /* GoogleService-Info.plist */,
			);
			path = SafelyApp;
			sourceTree = "<group>";
		};
		A28334F0291AE1FD00D6CE66 /* Model */ = {
			isa = PBXGroup;
			children = (
			);
			path = Model;
			sourceTree = "<group>";
		};
		A28334F1291AE20700D6CE66 /* Controller */ = {
			isa = PBXGroup;
			children = (
				A259E6192916294000399D41 /* ViewController.swift */,
				A2F98432291751D0006DFC59 /* AuthViewController.swift */,
				A28DD83229178BD600F40703 /* HomeViewController.swift */,
			);
			path = Controller;
			sourceTree = "<group>";
		};
		A28334F2291AF3C800D6CE66 /* View */ = {
			isa = PBXGroup;
			children = (
			);
			path = View;
			sourceTree = "<group>";
		};
		A28334F3291AF8BB00D6CE66 /* Helpers */ = {
			isa = PBXGroup;
			children = (
				A28DEF422918A9EE007C310A /* Alerts.swift */,
			);
			path = Helpers;
			sourceTree = "<group>";
		};
		A2F9843429175BFA006DFC59 /* Atoms */ = {
			isa = PBXGroup;
			children = (
				A2F9843629175C6D006DFC59 /* GradientButtonUI.swift */,
			);
			path = Atoms;
			sourceTree = "<group>";
		};
/* End PBXGroup section */

/* Begin PBXNativeTarget section */
		A259E6112916294000399D41 /* SafelyApp */ = {
			isa = PBXNativeTarget;
			buildConfigurationList = A259E6262916294200399D41 /* Build configuration list for PBXNativeTarget "SafelyApp" */;
			buildPhases = (
				A259E60E2916294000399D41 /* Sources */,
				A259E60F2916294000399D41 /* Frameworks */,
				A259E6102916294000399D41 /* Resources */,
			);
			buildRules = (
			);
			dependencies = (
			);
			name = SafelyApp;
			packageProductDependencies = (
				A2F9842629174953006DFC59 /* FirebaseAnalytics */,
				A2F9842829174953006DFC59 /* FirebaseAuth */,
				A2F9842A29174953006DFC59 /* FirebaseAuthCombine-Community */,
				A2F9842C29174953006DFC59 /* FirebaseDatabase */,
				A2F9842E29174953006DFC59 /* FirebaseDatabaseSwift */,
				A2F9843029174953006DFC59 /* FirebaseStorage */,
			);
			productName = SafelyApp;
			productReference = A259E6122916294000399D41 /* SafelyApp.app */;
			productType = "com.apple.product-type.application";
		};
/* End PBXNativeTarget section */

/* Begin PBXProject section */
		A259E60A2916294000399D41 /* Project object */ = {
			isa = PBXProject;
			attributes = {
				BuildIndependentTargetsInParallel = 1;
				LastSwiftUpdateCheck = 1400;
				LastUpgradeCheck = 1400;
				TargetAttributes = {
					A259E6112916294000399D41 = {
						CreatedOnToolsVersion = 14.0.1;
					};
				};
			};
			buildConfigurationList = A259E60D2916294000399D41 /* Build configuration list for PBXProject "SafelyApp" */;
			compatibilityVersion = "Xcode 14.0";
			developmentRegion = en;
			hasScannedForEncodings = 0;
			knownRegions = (
				en,
				Base,
			);
			mainGroup = A259E6092916294000399D41;
			packageReferences = (
				A2F9842529174953006DFC59 /* XCRemoteSwiftPackageReference "firebase-ios-sdk" */,
			);
			productRefGroup = A259E6132916294000399D41 /* Products */;
			projectDirPath = "";
			projectRoot = "";
			targets = (
				A259E6112916294000399D41 /* SafelyApp */,
			);
		};
/* End PBXProject section */

/* Begin PBXResourcesBuildPhase section */
		A259E6102916294000399D41 /* Resources */ = {
			isa = PBXResourcesBuildPhase;
			buildActionMask = 2147483647;
			files = (
				A259E6222916294200399D41 /* LaunchScreen.storyboard in Resources */,
				A2F983ED29173CE1006DFC59 /* GoogleService-Info.plist in Resources */,
				A29C27B12918921200D19628 /* HomeViewController.xib in Resources */,
				A259E61F2916294200399D41 /* Assets.xcassets in Resources */,
				A259E61D2916294000399D41 /* Main.storyboard in Resources */,
			);
			runOnlyForDeploymentPostprocessing = 0;
		};
/* End PBXResourcesBuildPhase section */

/* Begin PBXSourcesBuildPhase section */
		A259E60E2916294000399D41 /* Sources */ = {
			isa = PBXSourcesBuildPhase;
			buildActionMask = 2147483647;
			files = (
				A2F98433291751D0006DFC59 /* AuthViewController.swift in Sources */,
				A259E61A2916294000399D41 /* ViewController.swift in Sources */,
				A259E6162916294000399D41 /* AppDelegate.swift in Sources */,
				A259E6182916294000399D41 /* SceneDelegate.swift in Sources */,
				A2F9843729175C6D006DFC59 /* GradientButtonUI.swift in Sources */,
				A28DEF432918A9EE007C310A /* Alerts.swift in Sources */,
				A28DD83329178BD600F40703 /* HomeViewController.swift in Sources */,
			);
			runOnlyForDeploymentPostprocessing = 0;
		};
/* End PBXSourcesBuildPhase section */

/* Begin PBXVariantGroup section */
		A259E61B2916294000399D41 /* Main.storyboard */ = {
			isa = PBXVariantGroup;
			children = (
				A259E61C2916294000399D41 /* Base */,
			);
			name = Main.storyboard;
			sourceTree = "<group>";
		};
		A259E6202916294200399D41 /* LaunchScreen.storyboard */ = {
			isa = PBXVariantGroup;
			children = (
				A259E6212916294200399D41 /* Base */,
			);
			name = LaunchScreen.storyboard;
			sourceTree = "<group>";
		};
/* End PBXVariantGroup section */

/* Begin XCBuildConfiguration section */
		A259E6242916294200399D41 /* Debug */ = {
			isa = XCBuildConfiguration;
			buildSettings = {
				ALWAYS_SEARCH_USER_PATHS = NO;
				CLANG_ANALYZER_NONNULL = YES;
				CLANG_ANALYZER_NUMBER_OBJECT_CONVERSION = YES_AGGRESSIVE;
				CLANG_CXX_LANGUAGE_STANDARD = "gnu++20";
				CLANG_ENABLE_MODULES = YES;
				CLANG_ENABLE_OBJC_ARC = YES;
				CLANG_ENABLE_OBJC_WEAK = YES;
				CLANG_WARN_BLOCK_CAPTURE_AUTORELEASING = YES;
				CLANG_WARN_BOOL_CONVERSION = YES;
				CLANG_WARN_COMMA = YES;
				CLANG_WARN_CONSTANT_CONVERSION = YES;
				CLANG_WARN_DEPRECATED_OBJC_IMPLEMENTATIONS = YES;
				CLANG_WARN_DIRECT_OBJC_ISA_USAGE = YES_ERROR;
				CLANG_WARN_DOCUMENTATION_COMMENTS = YES;
				CLANG_WARN_EMPTY_BODY = YES;
				CLANG_WARN_ENUM_CONVERSION = YES;
				CLANG_WARN_INFINITE_RECURSION = YES;
				CLANG_WARN_INT_CONVERSION = YES;
				CLANG_WARN_NON_LITERAL_NULL_CONVERSION = YES;
				CLANG_WARN_OBJC_IMPLICIT_RETAIN_SELF = YES;
				CLANG_WARN_OBJC_LITERAL_CONVERSION = YES;
				CLANG_WARN_OBJC_ROOT_CLASS = YES_ERROR;
				CLANG_WARN_QUOTED_INCLUDE_IN_FRAMEWORK_HEADER = YES;
				CLANG_WARN_RANGE_LOOP_ANALYSIS = YES;
				CLANG_WARN_STRICT_PROTOTYPES = YES;
				CLANG_WARN_SUSPICIOUS_MOVE = YES;
				CLANG_WARN_UNGUARDED_AVAILABILITY = YES_AGGRESSIVE;
				CLANG_WARN_UNREACHABLE_CODE = YES;
				CLANG_WARN__DUPLICATE_METHOD_MATCH = YES;
				COPY_PHASE_STRIP = NO;
				DEBUG_INFORMATION_FORMAT = dwarf;
				ENABLE_STRICT_OBJC_MSGSEND = YES;
				ENABLE_TESTABILITY = YES;
				GCC_C_LANGUAGE_STANDARD = gnu11;
				GCC_DYNAMIC_NO_PIC = NO;
				GCC_NO_COMMON_BLOCKS = YES;
				GCC_OPTIMIZATION_LEVEL = 0;
				GCC_PREPROCESSOR_DEFINITIONS = (
					"DEBUG=1",
					"$(inherited)",
				);
				GCC_WARN_64_TO_32_BIT_CONVERSION = YES;
				GCC_WARN_ABOUT_RETURN_TYPE = YES_ERROR;
				GCC_WARN_UNDECLARED_SELECTOR = YES;
				GCC_WARN_UNINITIALIZED_AUTOS = YES_AGGRESSIVE;
				GCC_WARN_UNUSED_FUNCTION = YES;
				GCC_WARN_UNUSED_VARIABLE = YES;
				IPHONEOS_DEPLOYMENT_TARGET = 16.0;
				MTL_ENABLE_DEBUG_INFO = INCLUDE_SOURCE;
				MTL_FAST_MATH = YES;
				ONLY_ACTIVE_ARCH = YES;
				SDKROOT = iphoneos;
				SWIFT_ACTIVE_COMPILATION_CONDITIONS = DEBUG;
				SWIFT_OPTIMIZATION_LEVEL = "-Onone";
			};
			name = Debug;
		};
		A259E6252916294200399D41 /* Release */ = {
			isa = XCBuildConfiguration;
			buildSettings = {
				ALWAYS_SEARCH_USER_PATHS = NO;
				CLANG_ANALYZER_NONNULL = YES;
				CLANG_ANALYZER_NUMBER_OBJECT_CONVERSION = YES_AGGRESSIVE;
				CLANG_CXX_LANGUAGE_STANDARD = "gnu++20";
				CLANG_ENABLE_MODULES = YES;
				CLANG_ENABLE_OBJC_ARC = YES;
				CLANG_ENABLE_OBJC_WEAK = YES;
				CLANG_WARN_BLOCK_CAPTURE_AUTORELEASING = YES;
				CLANG_WARN_BOOL_CONVERSION = YES;
				CLANG_WARN_COMMA = YES;
				CLANG_WARN_CONSTANT_CONVERSION = YES;
				CLANG_WARN_DEPRECATED_OBJC_IMPLEMENTATIONS = YES;
				CLANG_WARN_DIRECT_OBJC_ISA_USAGE = YES_ERROR;
				CLANG_WARN_DOCUMENTATION_COMMENTS = YES;
				CLANG_WARN_EMPTY_BODY = YES;
				CLANG_WARN_ENUM_CONVERSION = YES;
				CLANG_WARN_INFINITE_RECURSION = YES;
				CLANG_WARN_INT_CONVERSION = YES;
				CLANG_WARN_NON_LITERAL_NULL_CONVERSION = YES;
				CLANG_WARN_OBJC_IMPLICIT_RETAIN_SELF = YES;
				CLANG_WARN_OBJC_LITERAL_CONVERSION = YES;
				CLANG_WARN_OBJC_ROOT_CLASS = YES_ERROR;
				CLANG_WARN_QUOTED_INCLUDE_IN_FRAMEWORK_HEADER = YES;
				CLANG_WARN_RANGE_LOOP_ANALYSIS = YES;
				CLANG_WARN_STRICT_PROTOTYPES = YES;
				CLANG_WARN_SUSPICIOUS_MOVE = YES;
				CLANG_WARN_UNGUARDED_AVAILABILITY = YES_AGGRESSIVE;
				CLANG_WARN_UNREACHABLE_CODE = YES;
				CLANG_WARN__DUPLICATE_METHOD_MATCH = YES;
				COPY_PHASE_STRIP = NO;
				DEBUG_INFORMATION_FORMAT = "dwarf-with-dsym";
				ENABLE_NS_ASSERTIONS = NO;
				ENABLE_STRICT_OBJC_MSGSEND = YES;
				GCC_C_LANGUAGE_STANDARD = gnu11;
				GCC_NO_COMMON_BLOCKS = YES;
				GCC_WARN_64_TO_32_BIT_CONVERSION = YES;
				GCC_WARN_ABOUT_RETURN_TYPE = YES_ERROR;
				GCC_WARN_UNDECLARED_SELECTOR = YES;
				GCC_WARN_UNINITIALIZED_AUTOS = YES_AGGRESSIVE;
				GCC_WARN_UNUSED_FUNCTION = YES;
				GCC_WARN_UNUSED_VARIABLE = YES;
				IPHONEOS_DEPLOYMENT_TARGET = 16.0;
				MTL_ENABLE_DEBUG_INFO = NO;
				MTL_FAST_MATH = YES;
				SDKROOT = iphoneos;
				SWIFT_COMPILATION_MODE = wholemodule;
				SWIFT_OPTIMIZATION_LEVEL = "-O";
				VALIDATE_PRODUCT = YES;
			};
			name = Release;
		};
		A259E6272916294200399D41 /* Debug */ = {
			isa = XCBuildConfiguration;
			buildSettings = {
				ASSETCATALOG_COMPILER_APPICON_NAME = AppIcon;
				ASSETCATALOG_COMPILER_GLOBAL_ACCENT_COLOR_NAME = AccentColor;
				CODE_SIGN_IDENTITY = "Apple Development";
				CODE_SIGN_STYLE = Automatic;
				CURRENT_PROJECT_VERSION = 1;
				DEVELOPMENT_TEAM = GD6XG3RZ35;
				GENERATE_INFOPLIST_FILE = YES;
				INFOPLIST_FILE = SafelyApp/Info.plist;
				INFOPLIST_KEY_UIApplicationSupportsIndirectInputEvents = YES;
				INFOPLIST_KEY_UILaunchStoryboardName = LaunchScreen;
				INFOPLIST_KEY_UIMainStoryboardFile = Main;
				INFOPLIST_KEY_UISupportedInterfaceOrientations_iPad = "UIInterfaceOrientationPortrait UIInterfaceOrientationPortraitUpsideDown UIInterfaceOrientationLandscapeLeft UIInterfaceOrientationLandscapeRight";
				INFOPLIST_KEY_UISupportedInterfaceOrientations_iPhone = "UIInterfaceOrientationPortrait UIInterfaceOrientationLandscapeLeft UIInterfaceOrientationLandscapeRight";
				IPHONEOS_DEPLOYMENT_TARGET = 15.0;
				LD_RUNPATH_SEARCH_PATHS = (
					"$(inherited)",
					"@executable_path/Frameworks",
				);
				MARKETING_VERSION = 1.0;
				PRODUCT_BUNDLE_IDENTIFIER = com.redflight.SafelyApp;
				PRODUCT_NAME = "$(TARGET_NAME)";
				PROVISIONING_PROFILE_SPECIFIER = "";
				SWIFT_EMIT_LOC_STRINGS = YES;
				SWIFT_VERSION = 5.0;
				TARGETED_DEVICE_FAMILY = "1,2";
			};
			name = Debug;
		};
		A259E6282916294200399D41 /* Release */ = {
			isa = XCBuildConfiguration;
			buildSettings = {
				ASSETCATALOG_COMPILER_APPICON_NAME = AppIcon;
				ASSETCATALOG_COMPILER_GLOBAL_ACCENT_COLOR_NAME = AccentColor;
				CODE_SIGN_IDENTITY = "Apple Development";
				CODE_SIGN_STYLE = Automatic;
				CURRENT_PROJECT_VERSION = 1;
				DEVELOPMENT_TEAM = GD6XG3RZ35;
				GENERATE_INFOPLIST_FILE = YES;
				INFOPLIST_FILE = SafelyApp/Info.plist;
				INFOPLIST_KEY_UIApplicationSupportsIndirectInputEvents = YES;
				INFOPLIST_KEY_UILaunchStoryboardName = LaunchScreen;
				INFOPLIST_KEY_UIMainStoryboardFile = Main;
				INFOPLIST_KEY_UISupportedInterfaceOrientations_iPad = "UIInterfaceOrientationPortrait UIInterfaceOrientationPortraitUpsideDown UIInterfaceOrientationLandscapeLeft UIInterfaceOrientationLandscapeRight";
				INFOPLIST_KEY_UISupportedInterfaceOrientations_iPhone = "UIInterfaceOrientationPortrait UIInterfaceOrientationLandscapeLeft UIInterfaceOrientationLandscapeRight";
				IPHONEOS_DEPLOYMENT_TARGET = 15.0;
				LD_RUNPATH_SEARCH_PATHS = (
					"$(inherited)",
					"@executable_path/Frameworks",
				);
				MARKETING_VERSION = 1.0;
				PRODUCT_BUNDLE_IDENTIFIER = com.redflight.SafelyApp;
				PRODUCT_NAME = "$(TARGET_NAME)";
				PROVISIONING_PROFILE_SPECIFIER = "";
				SWIFT_EMIT_LOC_STRINGS = YES;
				SWIFT_VERSION = 5.0;
				TARGETED_DEVICE_FAMILY = "1,2";
			};
			name = Release;
		};
/* End XCBuildConfiguration section */

/* Begin XCConfigurationList section */
		A259E60D2916294000399D41 /* Build configuration list for PBXProject "SafelyApp" */ = {
			isa = XCConfigurationList;
			buildConfigurations = (
				A259E6242916294200399D41 /* Debug */,
				A259E6252916294200399D41 /* Release */,
			);
			defaultConfigurationIsVisible = 0;
			defaultConfigurationName = Release;
		};
		A259E6262916294200399D41 /* Build configuration list for PBXNativeTarget "SafelyApp" */ = {
			isa = XCConfigurationList;
			buildConfigurations = (
				A259E6272916294200399D41 /* Debug */,
				A259E6282916294200399D41 /* Release */,
			);
			defaultConfigurationIsVisible = 0;
			defaultConfigurationName = Release;
		};
/* End XCConfigurationList section */

/* Begin XCRemoteSwiftPackageReference section */
		A2F9842529174953006DFC59 /* XCRemoteSwiftPackageReference "firebase-ios-sdk" */ = {
			isa = XCRemoteSwiftPackageReference;
			repositoryURL = "https://github.com/firebase/firebase-ios-sdk";
			requirement = {
				branch = master;
				kind = branch;
			};
		};
/* End XCRemoteSwiftPackageReference section */

/* Begin XCSwiftPackageProductDependency section */
		A2F9842629174953006DFC59 /* FirebaseAnalytics */ = {
			isa = XCSwiftPackageProductDependency;
			package = A2F9842529174953006DFC59 /* XCRemoteSwiftPackageReference "firebase-ios-sdk" */;
			productName = FirebaseAnalytics;
		};
		A2F9842829174953006DFC59 /* FirebaseAuth */ = {
			isa = XCSwiftPackageProductDependency;
			package = A2F9842529174953006DFC59 /* XCRemoteSwiftPackageReference "firebase-ios-sdk" */;
			productName = FirebaseAuth;
		};
		A2F9842A29174953006DFC59 /* FirebaseAuthCombine-Community */ = {
			isa = XCSwiftPackageProductDependency;
			package = A2F9842529174953006DFC59 /* XCRemoteSwiftPackageReference "firebase-ios-sdk" */;
			productName = "FirebaseAuthCombine-Community";
		};
		A2F9842C29174953006DFC59 /* FirebaseDatabase */ = {
			isa = XCSwiftPackageProductDependency;
			package = A2F9842529174953006DFC59 /* XCRemoteSwiftPackageReference "firebase-ios-sdk" */;
			productName = FirebaseDatabase;
		};
		A2F9842E29174953006DFC59 /* FirebaseDatabaseSwift */ = {
			isa = XCSwiftPackageProductDependency;
			package = A2F9842529174953006DFC59 /* XCRemoteSwiftPackageReference "firebase-ios-sdk" */;
			productName = FirebaseDatabaseSwift;
		};
		A2F9843029174953006DFC59 /* FirebaseStorage */ = {
			isa = XCSwiftPackageProductDependency;
			package = A2F9842529174953006DFC59 /* XCRemoteSwiftPackageReference "firebase-ios-sdk" */;
			productName = FirebaseStorage;
		};
/* End XCSwiftPackageProductDependency section */
	};
	rootObject = A259E60A2916294000399D41 /* Project object */;
}
