// !$*UTF8*$!
{
	archiveVersion = 1;
	classes = {
	};
	objectVersion = 56;
	objects = {

/* Begin PBXBuildFile section */
		81A038AF1D73FF3199FD3513 /* Pods_SafelyApp.framework in Frameworks */ = {isa = PBXBuildFile; fileRef = 8772B04F90F098EFBC7D0029 /* Pods_SafelyApp.framework */; };
		A207B2FA296E196000A04314 /* ContactsTabView.xib in Resources */ = {isa = PBXBuildFile; fileRef = A207B2F9296E196000A04314 /* ContactsTabView.xib */; };
		A207B2FC296E289300A04314 /* AddTabView.xib in Resources */ = {isa = PBXBuildFile; fileRef = A207B2FB296E289300A04314 /* AddTabView.xib */; };
		A207B2FE296E28B000A04314 /* AddTabView.swift in Sources */ = {isa = PBXBuildFile; fileRef = A207B2FD296E28B000A04314 /* AddTabView.swift */; };
		A213BB92297A167800F3A4D0 /* Account.storyboard in Resources */ = {isa = PBXBuildFile; fileRef = A213BB91297A167800F3A4D0 /* Account.storyboard */; };
		A213BB94297A169A00F3A4D0 /* AccountViewController.swift in Sources */ = {isa = PBXBuildFile; fileRef = A213BB93297A169A00F3A4D0 /* AccountViewController.swift */; };
		A213BB96297A5BFE00F3A4D0 /* NotificationsViewController.swift in Sources */ = {isa = PBXBuildFile; fileRef = A213BB95297A5BFE00F3A4D0 /* NotificationsViewController.swift */; };
		A213BB98297A5C8200F3A4D0 /* Notifications.storyboard in Resources */ = {isa = PBXBuildFile; fileRef = A213BB97297A5C8200F3A4D0 /* Notifications.storyboard */; };
		A2191855292EC07D002FC668 /* User.swift in Sources */ = {isa = PBXBuildFile; fileRef = A2191854292EC07D002FC668 /* User.swift */; };
		A2382609297FA71100540D69 /* alert.png in Resources */ = {isa = PBXBuildFile; fileRef = A2382608297FA71100540D69 /* alert.png */; };
		A23D7A1C2978E88400995489 /* SideMenuViewController.swift in Sources */ = {isa = PBXBuildFile; fileRef = A23D7A1B2978E88400995489 /* SideMenuViewController.swift */; };
		A23D7A212978F0EA00995489 /* SideMenuListCell.swift in Sources */ = {isa = PBXBuildFile; fileRef = A23D7A1F2978F0EA00995489 /* SideMenuListCell.swift */; };
		A23D7A222978F0EA00995489 /* SideMenuListCell.xib in Resources */ = {isa = PBXBuildFile; fileRef = A23D7A202978F0EA00995489 /* SideMenuListCell.xib */; };
		A24FA7E5296774F000556566 /* SideMenuModel.swift in Sources */ = {isa = PBXBuildFile; fileRef = A24FA7E4296774F000556566 /* SideMenuModel.swift */; };
		A24FA7ED296797F600556566 /* safely_color.png in Resources */ = {isa = PBXBuildFile; fileRef = A24FA7E7296797F500556566 /* safely_color.png */; };
		A24FA7EE296797F600556566 /* safely_vertical_color.png in Resources */ = {isa = PBXBuildFile; fileRef = A24FA7E8296797F500556566 /* safely_vertical_color.png */; };
		A24FA7EF296797F600556566 /* safely_vertical_monocromatico.png in Resources */ = {isa = PBXBuildFile; fileRef = A24FA7E9296797F500556566 /* safely_vertical_monocromatico.png */; };
		A24FA7F0296797F600556566 /* safely_horizontal_color.png in Resources */ = {isa = PBXBuildFile; fileRef = A24FA7EA296797F500556566 /* safely_horizontal_color.png */; };
		A24FA7F1296797F600556566 /* safely_horizontal_monocromatico.png in Resources */ = {isa = PBXBuildFile; fileRef = A24FA7EB296797F600556566 /* safely_horizontal_monocromatico.png */; };
		A24FA7F2296797F600556566 /* safely_monocromatico.png in Resources */ = {isa = PBXBuildFile; fileRef = A24FA7EC296797F600556566 /* safely_monocromatico.png */; };
		A259E6162916294000399D41 /* AppDelegate.swift in Sources */ = {isa = PBXBuildFile; fileRef = A259E6152916294000399D41 /* AppDelegate.swift */; };
		A259E6182916294000399D41 /* SceneDelegate.swift in Sources */ = {isa = PBXBuildFile; fileRef = A259E6172916294000399D41 /* SceneDelegate.swift */; };
		A259E61A2916294000399D41 /* MapViewController.swift in Sources */ = {isa = PBXBuildFile; fileRef = A259E6192916294000399D41 /* MapViewController.swift */; };
		A259E61D2916294000399D41 /* Main.storyboard in Resources */ = {isa = PBXBuildFile; fileRef = A259E61B2916294000399D41 /* Main.storyboard */; };
		A259E61F2916294200399D41 /* Assets.xcassets in Resources */ = {isa = PBXBuildFile; fileRef = A259E61E2916294200399D41 /* Assets.xcassets */; };
		A259E6222916294200399D41 /* LaunchScreen.storyboard in Resources */ = {isa = PBXBuildFile; fileRef = A259E6202916294200399D41 /* LaunchScreen.storyboard */; };
		A260E1FF29776A15004AB659 /* ContactListCell.swift in Sources */ = {isa = PBXBuildFile; fileRef = A260E1FD29776A15004AB659 /* ContactListCell.swift */; };
		A260E20329776ACC004AB659 /* RequestListCell.swift in Sources */ = {isa = PBXBuildFile; fileRef = A260E20129776ACC004AB659 /* RequestListCell.swift */; };
		A260E20429776ACC004AB659 /* RequestListCell.xib in Resources */ = {isa = PBXBuildFile; fileRef = A260E20229776ACC004AB659 /* RequestListCell.xib */; };
		A26A74C1294B92A8004FDBB8 /* Map.storyboard in Resources */ = {isa = PBXBuildFile; fileRef = A26A74C0294B92A8004FDBB8 /* Map.storyboard */; };
		A26A74C3294B93E4004FDBB8 /* Add.storyboard in Resources */ = {isa = PBXBuildFile; fileRef = A26A74C2294B93E4004FDBB8 /* Add.storyboard */; };
		A26A74C5294B9467004FDBB8 /* Devices.storyboard in Resources */ = {isa = PBXBuildFile; fileRef = A26A74C4294B9467004FDBB8 /* Devices.storyboard */; };
		A26A74C9294BD5FA004FDBB8 /* AddGroupViewController.swift in Sources */ = {isa = PBXBuildFile; fileRef = A26A74C8294BD5FA004FDBB8 /* AddGroupViewController.swift */; };
		A27A35FE2977CDB000D99FFA /* ContactListCell.xib in Resources */ = {isa = PBXBuildFile; fileRef = A27A35FD2977CDB000D99FFA /* ContactListCell.xib */; };
		A28204DB296CBD0300DD8305 /* style_light.json in Resources */ = {isa = PBXBuildFile; fileRef = A28204DA296CBD0300DD8305 /* style_light.json */; };
		A28334F5291B13D200D6CE66 /* LoginUserEmail.swift in Sources */ = {isa = PBXBuildFile; fileRef = A28334F4291B13D200D6CE66 /* LoginUserEmail.swift */; };
		A28334F7291B143C00D6CE66 /* SignUpViewController.swift in Sources */ = {isa = PBXBuildFile; fileRef = A28334F6291B143C00D6CE66 /* SignUpViewController.swift */; };
		A28DD83329178BD600F40703 /* HomeViewController.swift in Sources */ = {isa = PBXBuildFile; fileRef = A28DD83229178BD600F40703 /* HomeViewController.swift */; };
		A28DEF432918A9EE007C310A /* Alerts.swift in Sources */ = {isa = PBXBuildFile; fileRef = A28DEF422918A9EE007C310A /* Alerts.swift */; };
		A29387D1296D0BA4002E7E15 /* ContactsTabView.swift in Sources */ = {isa = PBXBuildFile; fileRef = A29387CF296D0BA4002E7E15 /* ContactsTabView.swift */; };
		A299CFA5292448AF006376C1 /* InputTextLabelUI.swift in Sources */ = {isa = PBXBuildFile; fileRef = A299CFA4292448AF006376C1 /* InputTextLabelUI.swift */; };
		A299CFA829244F90006376C1 /* TinyConstraints in Frameworks */ = {isa = PBXBuildFile; productRef = A299CFA729244F90006376C1 /* TinyConstraints */; };
		A299CFAB292451DE006376C1 /* Lottie in Frameworks */ = {isa = PBXBuildFile; productRef = A299CFAA292451DE006376C1 /* Lottie */; };
		A2AB313A294A862400761461 /* CustomTabBarUI.swift in Sources */ = {isa = PBXBuildFile; fileRef = A2AB3139294A862400761461 /* CustomTabBarUI.swift */; };
		A2AE98D7294B856A004AE824 /* Onboarding.storyboard in Resources */ = {isa = PBXBuildFile; fileRef = A2AE98D6294B856A004AE824 /* Onboarding.storyboard */; };
		A2AE98DB294B8678004AE824 /* ControllerMain.storyboard in Resources */ = {isa = PBXBuildFile; fileRef = A2AE98DA294B8678004AE824 /* ControllerMain.storyboard */; };
		A2B76C6729786E5000EC2BBF /* RequestTabView.swift in Sources */ = {isa = PBXBuildFile; fileRef = A2B76C6629786E5000EC2BBF /* RequestTabView.swift */; };
		A2B76C692978708500EC2BBF /* RequestTabView.xib in Resources */ = {isa = PBXBuildFile; fileRef = A2B76C682978708500EC2BBF /* RequestTabView.xib */; };
		A2B76C6B2978793700EC2BBF /* avatar.png in Resources */ = {isa = PBXBuildFile; fileRef = A2B76C6A2978793700EC2BBF /* avatar.png */; };
		A2B76C6D29787AFB00EC2BBF /* Emergency.storyboard in Resources */ = {isa = PBXBuildFile; fileRef = A2B76C6C29787AFB00EC2BBF /* Emergency.storyboard */; };
		A2B76C6F29787B0F00EC2BBF /* EmergencyViewController.swift in Sources */ = {isa = PBXBuildFile; fileRef = A2B76C6E29787B0F00EC2BBF /* EmergencyViewController.swift */; };
		A2D5144B294A4CE300A87BB9 /* style_dark.json in Resources */ = {isa = PBXBuildFile; fileRef = A2D5144A294A4CE300A87BB9 /* style_dark.json */; };
		A2D5144D294A528500A87BB9 /* CustomTabBarViewController.swift in Sources */ = {isa = PBXBuildFile; fileRef = A2D5144C294A528500A87BB9 /* CustomTabBarViewController.swift */; };
		A2F01B5A2972189C004548EA /* ContactModel.swift in Sources */ = {isa = PBXBuildFile; fileRef = A2F01B592972189C004548EA /* ContactModel.swift */; };
		A2F40D482973386200895392 /* RequestModel.swift in Sources */ = {isa = PBXBuildFile; fileRef = A2F40D472973386200895392 /* RequestModel.swift */; };
		A2F7947A297A5DE90035A622 /* NotificationListCell.swift in Sources */ = {isa = PBXBuildFile; fileRef = A2F79478297A5DE90035A622 /* NotificationListCell.swift */; };
		A2F7947B297A5DE90035A622 /* NotificationListCell.xib in Resources */ = {isa = PBXBuildFile; fileRef = A2F79479297A5DE90035A622 /* NotificationListCell.xib */; };
		A2F7947D297A611F0035A622 /* NotificationsModel.swift in Sources */ = {isa = PBXBuildFile; fileRef = A2F7947C297A611F0035A622 /* NotificationsModel.swift */; };
		A2F983ED29173CE1006DFC59 /* GoogleService-Info.plist in Resources */ = {isa = PBXBuildFile; fileRef = A2F983EC29173CE1006DFC59 /* GoogleService-Info.plist */; };
		A2F98433291751D0006DFC59 /* AuthViewController.swift in Sources */ = {isa = PBXBuildFile; fileRef = A2F98432291751D0006DFC59 /* AuthViewController.swift */; };
		A2F9843729175C6D006DFC59 /* GradientButtonUI.swift in Sources */ = {isa = PBXBuildFile; fileRef = A2F9843629175C6D006DFC59 /* GradientButtonUI.swift */; };
/* End PBXBuildFile section */

/* Begin PBXFileReference section */
		494D4281670A30E601075F09 /* Pods-SafelyApp.release.xcconfig */ = {isa = PBXFileReference; includeInIndex = 1; lastKnownFileType = text.xcconfig; name = "Pods-SafelyApp.release.xcconfig"; path = "Target Support Files/Pods-SafelyApp/Pods-SafelyApp.release.xcconfig"; sourceTree = "<group>"; };
		8772B04F90F098EFBC7D0029 /* Pods_SafelyApp.framework */ = {isa = PBXFileReference; explicitFileType = wrapper.framework; includeInIndex = 0; path = Pods_SafelyApp.framework; sourceTree = BUILT_PRODUCTS_DIR; };
		A207B2F9296E196000A04314 /* ContactsTabView.xib */ = {isa = PBXFileReference; lastKnownFileType = file.xib; path = ContactsTabView.xib; sourceTree = "<group>"; };
		A207B2FB296E289300A04314 /* AddTabView.xib */ = {isa = PBXFileReference; lastKnownFileType = file.xib; path = AddTabView.xib; sourceTree = "<group>"; };
		A207B2FD296E28B000A04314 /* AddTabView.swift */ = {isa = PBXFileReference; lastKnownFileType = sourcecode.swift; path = AddTabView.swift; sourceTree = "<group>"; };
		A213BB91297A167800F3A4D0 /* Account.storyboard */ = {isa = PBXFileReference; lastKnownFileType = file.storyboard; path = Account.storyboard; sourceTree = "<group>"; };
		A213BB93297A169A00F3A4D0 /* AccountViewController.swift */ = {isa = PBXFileReference; lastKnownFileType = sourcecode.swift; path = AccountViewController.swift; sourceTree = "<group>"; };
		A213BB95297A5BFE00F3A4D0 /* NotificationsViewController.swift */ = {isa = PBXFileReference; lastKnownFileType = sourcecode.swift; path = NotificationsViewController.swift; sourceTree = "<group>"; };
		A213BB97297A5C8200F3A4D0 /* Notifications.storyboard */ = {isa = PBXFileReference; lastKnownFileType = file.storyboard; path = Notifications.storyboard; sourceTree = "<group>"; };
		A2191854292EC07D002FC668 /* User.swift */ = {isa = PBXFileReference; lastKnownFileType = sourcecode.swift; path = User.swift; sourceTree = "<group>"; };
		A2382608297FA71100540D69 /* alert.png */ = {isa = PBXFileReference; lastKnownFileType = image.png; path = alert.png; sourceTree = "<group>"; };
		A23D7A1B2978E88400995489 /* SideMenuViewController.swift */ = {isa = PBXFileReference; lastKnownFileType = sourcecode.swift; path = SideMenuViewController.swift; sourceTree = "<group>"; };
		A23D7A1F2978F0EA00995489 /* SideMenuListCell.swift */ = {isa = PBXFileReference; lastKnownFileType = sourcecode.swift; path = SideMenuListCell.swift; sourceTree = "<group>"; };
		A23D7A202978F0EA00995489 /* SideMenuListCell.xib */ = {isa = PBXFileReference; lastKnownFileType = file.xib; path = SideMenuListCell.xib; sourceTree = "<group>"; };
		A24FA7E4296774F000556566 /* SideMenuModel.swift */ = {isa = PBXFileReference; lastKnownFileType = sourcecode.swift; path = SideMenuModel.swift; sourceTree = "<group>"; };
		A24FA7E7296797F500556566 /* safely_color.png */ = {isa = PBXFileReference; lastKnownFileType = image.png; path = safely_color.png; sourceTree = "<group>"; };
		A24FA7E8296797F500556566 /* safely_vertical_color.png */ = {isa = PBXFileReference; lastKnownFileType = image.png; path = safely_vertical_color.png; sourceTree = "<group>"; };
		A24FA7E9296797F500556566 /* safely_vertical_monocromatico.png */ = {isa = PBXFileReference; lastKnownFileType = image.png; path = safely_vertical_monocromatico.png; sourceTree = "<group>"; };
		A24FA7EA296797F500556566 /* safely_horizontal_color.png */ = {isa = PBXFileReference; lastKnownFileType = image.png; path = safely_horizontal_color.png; sourceTree = "<group>"; };
		A24FA7EB296797F600556566 /* safely_horizontal_monocromatico.png */ = {isa = PBXFileReference; lastKnownFileType = image.png; path = safely_horizontal_monocromatico.png; sourceTree = "<group>"; };
		A24FA7EC296797F600556566 /* safely_monocromatico.png */ = {isa = PBXFileReference; lastKnownFileType = image.png; path = safely_monocromatico.png; sourceTree = "<group>"; };
		A259E6122916294000399D41 /* SafelyApp.app */ = {isa = PBXFileReference; explicitFileType = wrapper.application; includeInIndex = 0; path = SafelyApp.app; sourceTree = BUILT_PRODUCTS_DIR; };
		A259E6152916294000399D41 /* AppDelegate.swift */ = {isa = PBXFileReference; lastKnownFileType = sourcecode.swift; path = AppDelegate.swift; sourceTree = "<group>"; };
		A259E6172916294000399D41 /* SceneDelegate.swift */ = {isa = PBXFileReference; lastKnownFileType = sourcecode.swift; path = SceneDelegate.swift; sourceTree = "<group>"; };
		A259E6192916294000399D41 /* MapViewController.swift */ = {isa = PBXFileReference; lastKnownFileType = sourcecode.swift; path = MapViewController.swift; sourceTree = "<group>"; };
		A259E61C2916294000399D41 /* Base */ = {isa = PBXFileReference; lastKnownFileType = file.storyboard; name = Base; path = Base.lproj/Main.storyboard; sourceTree = "<group>"; };
		A259E61E2916294200399D41 /* Assets.xcassets */ = {isa = PBXFileReference; lastKnownFileType = folder.assetcatalog; path = Assets.xcassets; sourceTree = "<group>"; };
		A259E6212916294200399D41 /* Base */ = {isa = PBXFileReference; lastKnownFileType = file.storyboard; name = Base; path = Base.lproj/LaunchScreen.storyboard; sourceTree = "<group>"; };
		A259E6232916294200399D41 /* Info.plist */ = {isa = PBXFileReference; lastKnownFileType = text.plist.xml; path = Info.plist; sourceTree = "<group>"; };
		A260E1FD29776A15004AB659 /* ContactListCell.swift */ = {isa = PBXFileReference; lastKnownFileType = sourcecode.swift; path = ContactListCell.swift; sourceTree = "<group>"; };
		A260E20129776ACC004AB659 /* RequestListCell.swift */ = {isa = PBXFileReference; lastKnownFileType = sourcecode.swift; path = RequestListCell.swift; sourceTree = "<group>"; };
		A260E20229776ACC004AB659 /* RequestListCell.xib */ = {isa = PBXFileReference; lastKnownFileType = file.xib; path = RequestListCell.xib; sourceTree = "<group>"; };
		A26A74C0294B92A8004FDBB8 /* Map.storyboard */ = {isa = PBXFileReference; lastKnownFileType = file.storyboard; path = Map.storyboard; sourceTree = "<group>"; };
		A26A74C2294B93E4004FDBB8 /* Add.storyboard */ = {isa = PBXFileReference; lastKnownFileType = file.storyboard; path = Add.storyboard; sourceTree = "<group>"; };
		A26A74C4294B9467004FDBB8 /* Devices.storyboard */ = {isa = PBXFileReference; lastKnownFileType = file.storyboard; path = Devices.storyboard; sourceTree = "<group>"; };
		A26A74C8294BD5FA004FDBB8 /* AddGroupViewController.swift */ = {isa = PBXFileReference; lastKnownFileType = sourcecode.swift; path = AddGroupViewController.swift; sourceTree = "<group>"; };
		A27A35FD2977CDB000D99FFA /* ContactListCell.xib */ = {isa = PBXFileReference; fileEncoding = 4; lastKnownFileType = file.xib; path = ContactListCell.xib; sourceTree = "<group>"; };
		A28204DA296CBD0300DD8305 /* style_light.json */ = {isa = PBXFileReference; fileEncoding = 4; lastKnownFileType = text.json; path = style_light.json; sourceTree = "<group>"; };
		A28334F4291B13D200D6CE66 /* LoginUserEmail.swift */ = {isa = PBXFileReference; lastKnownFileType = sourcecode.swift; path = LoginUserEmail.swift; sourceTree = "<group>"; };
		A28334F6291B143C00D6CE66 /* SignUpViewController.swift */ = {isa = PBXFileReference; lastKnownFileType = sourcecode.swift; path = SignUpViewController.swift; sourceTree = "<group>"; };
		A28DD83229178BD600F40703 /* HomeViewController.swift */ = {isa = PBXFileReference; lastKnownFileType = sourcecode.swift; path = HomeViewController.swift; sourceTree = "<group>"; };
		A28DEF422918A9EE007C310A /* Alerts.swift */ = {isa = PBXFileReference; lastKnownFileType = sourcecode.swift; path = Alerts.swift; sourceTree = "<group>"; };
		A29387CF296D0BA4002E7E15 /* ContactsTabView.swift */ = {isa = PBXFileReference; lastKnownFileType = sourcecode.swift; path = ContactsTabView.swift; sourceTree = "<group>"; };
		A299CFA4292448AF006376C1 /* InputTextLabelUI.swift */ = {isa = PBXFileReference; lastKnownFileType = sourcecode.swift; path = InputTextLabelUI.swift; sourceTree = "<group>"; };
		A2AB3139294A862400761461 /* CustomTabBarUI.swift */ = {isa = PBXFileReference; lastKnownFileType = sourcecode.swift; path = CustomTabBarUI.swift; sourceTree = "<group>"; };
		A2AE98D6294B856A004AE824 /* Onboarding.storyboard */ = {isa = PBXFileReference; lastKnownFileType = file.storyboard; path = Onboarding.storyboard; sourceTree = "<group>"; };
		A2AE98DA294B8678004AE824 /* ControllerMain.storyboard */ = {isa = PBXFileReference; lastKnownFileType = file.storyboard; path = ControllerMain.storyboard; sourceTree = "<group>"; };
		A2B76C6629786E5000EC2BBF /* RequestTabView.swift */ = {isa = PBXFileReference; lastKnownFileType = sourcecode.swift; path = RequestTabView.swift; sourceTree = "<group>"; };
		A2B76C682978708500EC2BBF /* RequestTabView.xib */ = {isa = PBXFileReference; lastKnownFileType = file.xib; path = RequestTabView.xib; sourceTree = "<group>"; };
		A2B76C6A2978793700EC2BBF /* avatar.png */ = {isa = PBXFileReference; lastKnownFileType = image.png; path = avatar.png; sourceTree = "<group>"; };
		A2B76C6C29787AFB00EC2BBF /* Emergency.storyboard */ = {isa = PBXFileReference; lastKnownFileType = file.storyboard; path = Emergency.storyboard; sourceTree = "<group>"; };
		A2B76C6E29787B0F00EC2BBF /* EmergencyViewController.swift */ = {isa = PBXFileReference; lastKnownFileType = sourcecode.swift; path = EmergencyViewController.swift; sourceTree = "<group>"; };
		A2D5144A294A4CE300A87BB9 /* style_dark.json */ = {isa = PBXFileReference; fileEncoding = 4; lastKnownFileType = text.json; path = style_dark.json; sourceTree = "<group>"; };
		A2D5144C294A528500A87BB9 /* CustomTabBarViewController.swift */ = {isa = PBXFileReference; lastKnownFileType = sourcecode.swift; path = CustomTabBarViewController.swift; sourceTree = "<group>"; };
		A2F01B592972189C004548EA /* ContactModel.swift */ = {isa = PBXFileReference; lastKnownFileType = sourcecode.swift; path = ContactModel.swift; sourceTree = "<group>"; };
		A2F40D472973386200895392 /* RequestModel.swift */ = {isa = PBXFileReference; lastKnownFileType = sourcecode.swift; path = RequestModel.swift; sourceTree = "<group>"; };
		A2F79478297A5DE90035A622 /* NotificationListCell.swift */ = {isa = PBXFileReference; lastKnownFileType = sourcecode.swift; path = NotificationListCell.swift; sourceTree = "<group>"; };
		A2F79479297A5DE90035A622 /* NotificationListCell.xib */ = {isa = PBXFileReference; lastKnownFileType = file.xib; path = NotificationListCell.xib; sourceTree = "<group>"; };
		A2F7947C297A611F0035A622 /* NotificationsModel.swift */ = {isa = PBXFileReference; lastKnownFileType = sourcecode.swift; path = NotificationsModel.swift; sourceTree = "<group>"; };
		A2F983EC29173CE1006DFC59 /* GoogleService-Info.plist */ = {isa = PBXFileReference; fileEncoding = 4; lastKnownFileType = text.plist.xml; path = "GoogleService-Info.plist"; sourceTree = "<group>"; };
		A2F98432291751D0006DFC59 /* AuthViewController.swift */ = {isa = PBXFileReference; lastKnownFileType = sourcecode.swift; path = AuthViewController.swift; sourceTree = "<group>"; };
		A2F9843629175C6D006DFC59 /* GradientButtonUI.swift */ = {isa = PBXFileReference; lastKnownFileType = sourcecode.swift; path = GradientButtonUI.swift; sourceTree = "<group>"; };
		ECA4BB3530F1EA53D9711155 /* Pods-SafelyApp.debug.xcconfig */ = {isa = PBXFileReference; includeInIndex = 1; lastKnownFileType = text.xcconfig; name = "Pods-SafelyApp.debug.xcconfig"; path = "Target Support Files/Pods-SafelyApp/Pods-SafelyApp.debug.xcconfig"; sourceTree = "<group>"; };
/* End PBXFileReference section */

/* Begin PBXFrameworksBuildPhase section */
		A259E60F2916294000399D41 /* Frameworks */ = {
			isa = PBXFrameworksBuildPhase;
			buildActionMask = 2147483647;
			files = (
				A299CFA829244F90006376C1 /* TinyConstraints in Frameworks */,
				A299CFAB292451DE006376C1 /* Lottie in Frameworks */,
				81A038AF1D73FF3199FD3513 /* Pods_SafelyApp.framework in Frameworks */,
			);
			runOnlyForDeploymentPostprocessing = 0;
		};
/* End PBXFrameworksBuildPhase section */

/* Begin PBXGroup section */
		64B3250757F924DCC66B1E3B /* Pods */ = {
			isa = PBXGroup;
			children = (
				ECA4BB3530F1EA53D9711155 /* Pods-SafelyApp.debug.xcconfig */,
				494D4281670A30E601075F09 /* Pods-SafelyApp.release.xcconfig */,
			);
			path = Pods;
			sourceTree = "<group>";
		};
		A24FA7E6296797A700556566 /* Resources */ = {
			isa = PBXGroup;
			children = (
				A2382608297FA71100540D69 /* alert.png */,
				A2B76C6A2978793700EC2BBF /* avatar.png */,
				A24FA7E7296797F500556566 /* safely_color.png */,
				A24FA7EA296797F500556566 /* safely_horizontal_color.png */,
				A24FA7EB296797F600556566 /* safely_horizontal_monocromatico.png */,
				A24FA7EC296797F600556566 /* safely_monocromatico.png */,
				A24FA7E8296797F500556566 /* safely_vertical_color.png */,
				A24FA7E9296797F500556566 /* safely_vertical_monocromatico.png */,
			);
			path = Resources;
			sourceTree = "<group>";
		};
		A259E6092916294000399D41 = {
			isa = PBXGroup;
			children = (
				A259E6142916294000399D41 /* SafelyApp */,
				A259E6132916294000399D41 /* Products */,
				64B3250757F924DCC66B1E3B /* Pods */,
				BD3F9907E7900F42D79E9EF2 /* Frameworks */,
			);
			sourceTree = "<group>";
		};
		A259E6132916294000399D41 /* Products */ = {
			isa = PBXGroup;
			children = (
				A259E6122916294000399D41 /* SafelyApp.app */,
			);
			name = Products;
			sourceTree = "<group>";
		};
		A259E6142916294000399D41 /* SafelyApp */ = {
			isa = PBXGroup;
			children = (
				A24FA7E6296797A700556566 /* Resources */,
				A28334F2291AF3C800D6CE66 /* View */,
				A28334F1291AE20700D6CE66 /* Controller */,
				A28334F0291AE1FD00D6CE66 /* Model */,
				A259E6152916294000399D41 /* AppDelegate.swift */,
				A259E6172916294000399D41 /* SceneDelegate.swift */,
				A259E61E2916294200399D41 /* Assets.xcassets */,
				A259E6232916294200399D41 /* Info.plist */,
				A2F983EC29173CE1006DFC59 /* GoogleService-Info.plist */,
			);
			path = SafelyApp;
			sourceTree = "<group>";
		};
		A28334F0291AE1FD00D6CE66 /* Model */ = {
			isa = PBXGroup;
			children = (
				A28334F4291B13D200D6CE66 /* LoginUserEmail.swift */,
				A2191854292EC07D002FC668 /* User.swift */,
				A24FA7E4296774F000556566 /* SideMenuModel.swift */,
				A2F01B592972189C004548EA /* ContactModel.swift */,
				A2F40D472973386200895392 /* RequestModel.swift */,
				A2F7947C297A611F0035A622 /* NotificationsModel.swift */,
			);
			path = Model;
			sourceTree = "<group>";
		};
		A28334F1291AE20700D6CE66 /* Controller */ = {
			isa = PBXGroup;
			children = (
				A2D5144C294A528500A87BB9 /* CustomTabBarViewController.swift */,
				A259E6192916294000399D41 /* MapViewController.swift */,
				A2F98432291751D0006DFC59 /* AuthViewController.swift */,
				A28DD83229178BD600F40703 /* HomeViewController.swift */,
				A2B76C6E29787B0F00EC2BBF /* EmergencyViewController.swift */,
				A28334F6291B143C00D6CE66 /* SignUpViewController.swift */,
				A26A74C8294BD5FA004FDBB8 /* AddGroupViewController.swift */,
				A29387CF296D0BA4002E7E15 /* ContactsTabView.swift */,
				A207B2F9296E196000A04314 /* ContactsTabView.xib */,
				A260E1FD29776A15004AB659 /* ContactListCell.swift */,
				A27A35FD2977CDB000D99FFA /* ContactListCell.xib */,
				A207B2FD296E28B000A04314 /* AddTabView.swift */,
				A207B2FB296E289300A04314 /* AddTabView.xib */,
				A2B76C6629786E5000EC2BBF /* RequestTabView.swift */,
				A2B76C682978708500EC2BBF /* RequestTabView.xib */,
				A260E20129776ACC004AB659 /* RequestListCell.swift */,
				A260E20229776ACC004AB659 /* RequestListCell.xib */,
				A23D7A1B2978E88400995489 /* SideMenuViewController.swift */,
				A23D7A1F2978F0EA00995489 /* SideMenuListCell.swift */,
				A23D7A202978F0EA00995489 /* SideMenuListCell.xib */,
				A213BB93297A169A00F3A4D0 /* AccountViewController.swift */,
				A213BB95297A5BFE00F3A4D0 /* NotificationsViewController.swift */,
				A2F79478297A5DE90035A622 /* NotificationListCell.swift */,
				A2F79479297A5DE90035A622 /* NotificationListCell.xib */,
			);
			path = Controller;
			sourceTree = "<group>";
		};
		A28334F2291AF3C800D6CE66 /* View */ = {
			isa = PBXGroup;
			children = (
				A28204DA296CBD0300DD8305 /* style_light.json */,
				A2D5144A294A4CE300A87BB9 /* style_dark.json */,
				A2AE98D5294B850E004AE824 /* Storyboards */,
				A28334F3291AF8BB00D6CE66 /* Helpers */,
			);
			path = View;
			sourceTree = "<group>";
		};
		A28334F3291AF8BB00D6CE66 /* Helpers */ = {
			isa = PBXGroup;
			children = (
				A2AB3139294A862400761461 /* CustomTabBarUI.swift */,
				A2F9843629175C6D006DFC59 /* GradientButtonUI.swift */,
				A28DEF422918A9EE007C310A /* Alerts.swift */,
				A299CFA4292448AF006376C1 /* InputTextLabelUI.swift */,
			);
			path = Helpers;
			sourceTree = "<group>";
		};
		A2AE98D5294B850E004AE824 /* Storyboards */ = {
			isa = PBXGroup;
			children = (
				A259E6202916294200399D41 /* LaunchScreen.storyboard */,
				A2AE98D6294B856A004AE824 /* Onboarding.storyboard */,
				A259E61B2916294000399D41 /* Main.storyboard */,
				A2AE98DA294B8678004AE824 /* ControllerMain.storyboard */,
				A26A74C0294B92A8004FDBB8 /* Map.storyboard */,
				A26A74C2294B93E4004FDBB8 /* Add.storyboard */,
				A26A74C4294B9467004FDBB8 /* Devices.storyboard */,
				A2B76C6C29787AFB00EC2BBF /* Emergency.storyboard */,
				A213BB91297A167800F3A4D0 /* Account.storyboard */,
				A213BB97297A5C8200F3A4D0 /* Notifications.storyboard */,
			);
			path = Storyboards;
			sourceTree = "<group>";
		};
		BD3F9907E7900F42D79E9EF2 /* Frameworks */ = {
			isa = PBXGroup;
			children = (
				8772B04F90F098EFBC7D0029 /* Pods_SafelyApp.framework */,
			);
			name = Frameworks;
			sourceTree = "<group>";
		};
/* End PBXGroup section */

/* Begin PBXNativeTarget section */
		A259E6112916294000399D41 /* SafelyApp */ = {
			isa = PBXNativeTarget;
			buildConfigurationList = A259E6262916294200399D41 /* Build configuration list for PBXNativeTarget "SafelyApp" */;
			buildPhases = (
				7E40C0D24733CC4E410E3090 /* [CP] Check Pods Manifest.lock */,
				A259E60E2916294000399D41 /* Sources */,
				A259E60F2916294000399D41 /* Frameworks */,
				A259E6102916294000399D41 /* Resources */,
				CEA9DFF73BE9E58A792757D4 /* [CP] Copy Pods Resources */,
				7DCA8DE701246BCD3200F091 /* [CP] Embed Pods Frameworks */,
			);
			buildRules = (
			);
			dependencies = (
			);
			name = SafelyApp;
			packageProductDependencies = (
				A299CFA729244F90006376C1 /* TinyConstraints */,
				A299CFAA292451DE006376C1 /* Lottie */,
			);
			productName = SafelyApp;
			productReference = A259E6122916294000399D41 /* SafelyApp.app */;
			productType = "com.apple.product-type.application";
		};
/* End PBXNativeTarget section */

/* Begin PBXProject section */
		A259E60A2916294000399D41 /* Project object */ = {
			isa = PBXProject;
			attributes = {
				BuildIndependentTargetsInParallel = 1;
				LastSwiftUpdateCheck = 1400;
				LastUpgradeCheck = 1400;
				TargetAttributes = {
					A259E6112916294000399D41 = {
						CreatedOnToolsVersion = 14.0.1;
					};
				};
			};
			buildConfigurationList = A259E60D2916294000399D41 /* Build configuration list for PBXProject "SafelyApp" */;
			compatibilityVersion = "Xcode 14.0";
			developmentRegion = en;
			hasScannedForEncodings = 0;
			knownRegions = (
				en,
				Base,
			);
			mainGroup = A259E6092916294000399D41;
			packageReferences = (
				A299CFA629244F8F006376C1 /* XCRemoteSwiftPackageReference "TinyConstraints" */,
				A299CFA9292451DE006376C1 /* XCRemoteSwiftPackageReference "lottie-ios" */,
			);
			productRefGroup = A259E6132916294000399D41 /* Products */;
			projectDirPath = "";
			projectRoot = "";
			targets = (
				A259E6112916294000399D41 /* SafelyApp */,
			);
		};
/* End PBXProject section */

/* Begin PBXResourcesBuildPhase section */
		A259E6102916294000399D41 /* Resources */ = {
			isa = PBXResourcesBuildPhase;
			buildActionMask = 2147483647;
			files = (
				A24FA7EE296797F600556566 /* safely_vertical_color.png in Resources */,
				A2382609297FA71100540D69 /* alert.png in Resources */,
				A207B2FA296E196000A04314 /* ContactsTabView.xib in Resources */,
				A24FA7F2296797F600556566 /* safely_monocromatico.png in Resources */,
				A259E6222916294200399D41 /* LaunchScreen.storyboard in Resources */,
				A2F983ED29173CE1006DFC59 /* GoogleService-Info.plist in Resources */,
				A24FA7EF296797F600556566 /* safely_vertical_monocromatico.png in Resources */,
				A2B76C692978708500EC2BBF /* RequestTabView.xib in Resources */,
				A24FA7F1296797F600556566 /* safely_horizontal_monocromatico.png in Resources */,
				A26A74C1294B92A8004FDBB8 /* Map.storyboard in Resources */,
				A26A74C3294B93E4004FDBB8 /* Add.storyboard in Resources */,
				A213BB92297A167800F3A4D0 /* Account.storyboard in Resources */,
				A23D7A222978F0EA00995489 /* SideMenuListCell.xib in Resources */,
				A2F7947B297A5DE90035A622 /* NotificationListCell.xib in Resources */,
				A259E61F2916294200399D41 /* Assets.xcassets in Resources */,
				A28204DB296CBD0300DD8305 /* style_light.json in Resources */,
				A24FA7F0296797F600556566 /* safely_horizontal_color.png in Resources */,
				A2AE98D7294B856A004AE824 /* Onboarding.storyboard in Resources */,
				A2D5144B294A4CE300A87BB9 /* style_dark.json in Resources */,
				A2B76C6B2978793700EC2BBF /* avatar.png in Resources */,
				A26A74C5294B9467004FDBB8 /* Devices.storyboard in Resources */,
				A259E61D2916294000399D41 /* Main.storyboard in Resources */,
				A2B76C6D29787AFB00EC2BBF /* Emergency.storyboard in Resources */,
				A260E20429776ACC004AB659 /* RequestListCell.xib in Resources */,
				A207B2FC296E289300A04314 /* AddTabView.xib in Resources */,
				A24FA7ED296797F600556566 /* safely_color.png in Resources */,
				A213BB98297A5C8200F3A4D0 /* Notifications.storyboard in Resources */,
				A27A35FE2977CDB000D99FFA /* ContactListCell.xib in Resources */,
				A2AE98DB294B8678004AE824 /* ControllerMain.storyboard in Resources */,
			);
			runOnlyForDeploymentPostprocessing = 0;
		};
/* End PBXResourcesBuildPhase section */

/* Begin PBXShellScriptBuildPhase section */
		7DCA8DE701246BCD3200F091 /* [CP] Embed Pods Frameworks */ = {
			isa = PBXShellScriptBuildPhase;
			buildActionMask = 2147483647;
			files = (
			);
			inputFileListPaths = (
				"${PODS_ROOT}/Target Support Files/Pods-SafelyApp/Pods-SafelyApp-frameworks-${CONFIGURATION}-input-files.xcfilelist",
			);
			name = "[CP] Embed Pods Frameworks";
			outputFileListPaths = (
				"${PODS_ROOT}/Target Support Files/Pods-SafelyApp/Pods-SafelyApp-frameworks-${CONFIGURATION}-output-files.xcfilelist",
			);
			runOnlyForDeploymentPostprocessing = 0;
			shellPath = /bin/sh;
			shellScript = "\"${PODS_ROOT}/Target Support Files/Pods-SafelyApp/Pods-SafelyApp-frameworks.sh\"\n";
			showEnvVarsInLog = 0;
		};
		7E40C0D24733CC4E410E3090 /* [CP] Check Pods Manifest.lock */ = {
			isa = PBXShellScriptBuildPhase;
			buildActionMask = 2147483647;
			files = (
			);
			inputFileListPaths = (
			);
			inputPaths = (
				"${PODS_PODFILE_DIR_PATH}/Podfile.lock",
				"${PODS_ROOT}/Manifest.lock",
			);
			name = "[CP] Check Pods Manifest.lock";
			outputFileListPaths = (
			);
			outputPaths = (
				"$(DERIVED_FILE_DIR)/Pods-SafelyApp-checkManifestLockResult.txt",
			);
			runOnlyForDeploymentPostprocessing = 0;
			shellPath = /bin/sh;
			shellScript = "diff \"${PODS_PODFILE_DIR_PATH}/Podfile.lock\" \"${PODS_ROOT}/Manifest.lock\" > /dev/null\nif [ $? != 0 ] ; then\n    # print error to STDERR\n    echo \"error: The sandbox is not in sync with the Podfile.lock. Run 'pod install' or update your CocoaPods installation.\" >&2\n    exit 1\nfi\n# This output is used by Xcode 'outputs' to avoid re-running this script phase.\necho \"SUCCESS\" > \"${SCRIPT_OUTPUT_FILE_0}\"\n";
			showEnvVarsInLog = 0;
		};
		CEA9DFF73BE9E58A792757D4 /* [CP] Copy Pods Resources */ = {
			isa = PBXShellScriptBuildPhase;
			buildActionMask = 2147483647;
			files = (
			);
			inputFileListPaths = (
				"${PODS_ROOT}/Target Support Files/Pods-SafelyApp/Pods-SafelyApp-resources-${CONFIGURATION}-input-files.xcfilelist",
			);
			name = "[CP] Copy Pods Resources";
			outputFileListPaths = (
				"${PODS_ROOT}/Target Support Files/Pods-SafelyApp/Pods-SafelyApp-resources-${CONFIGURATION}-output-files.xcfilelist",
			);
			runOnlyForDeploymentPostprocessing = 0;
			shellPath = /bin/sh;
			shellScript = "\"${PODS_ROOT}/Target Support Files/Pods-SafelyApp/Pods-SafelyApp-resources.sh\"\n";
			showEnvVarsInLog = 0;
		};
/* End PBXShellScriptBuildPhase section */

/* Begin PBXSourcesBuildPhase section */
		A259E60E2916294000399D41 /* Sources */ = {
			isa = PBXSourcesBuildPhase;
			buildActionMask = 2147483647;
			files = (
				A2B76C6729786E5000EC2BBF /* RequestTabView.swift in Sources */,
				A2191855292EC07D002FC668 /* User.swift in Sources */,
				A2F7947D297A611F0035A622 /* NotificationsModel.swift in Sources */,
				A2F98433291751D0006DFC59 /* AuthViewController.swift in Sources */,
				A207B2FE296E28B000A04314 /* AddTabView.swift in Sources */,
				A28334F7291B143C00D6CE66 /* SignUpViewController.swift in Sources */,
				A259E61A2916294000399D41 /* MapViewController.swift in Sources */,
				A2AB313A294A862400761461 /* CustomTabBarUI.swift in Sources */,
				A213BB94297A169A00F3A4D0 /* AccountViewController.swift in Sources */,
				A2F7947A297A5DE90035A622 /* NotificationListCell.swift in Sources */,
				A259E6162916294000399D41 /* AppDelegate.swift in Sources */,
				A259E6182916294000399D41 /* SceneDelegate.swift in Sources */,
				A260E20329776ACC004AB659 /* RequestListCell.swift in Sources */,
				A28334F5291B13D200D6CE66 /* LoginUserEmail.swift in Sources */,
				A299CFA5292448AF006376C1 /* InputTextLabelUI.swift in Sources */,
				A2F40D482973386200895392 /* RequestModel.swift in Sources */,
				A2F9843729175C6D006DFC59 /* GradientButtonUI.swift in Sources */,
				A2F01B5A2972189C004548EA /* ContactModel.swift in Sources */,
				A28DEF432918A9EE007C310A /* Alerts.swift in Sources */,
				A23D7A1C2978E88400995489 /* SideMenuViewController.swift in Sources */,
				A213BB96297A5BFE00F3A4D0 /* NotificationsViewController.swift in Sources */,
				A24FA7E5296774F000556566 /* SideMenuModel.swift in Sources */,
				A29387D1296D0BA4002E7E15 /* ContactsTabView.swift in Sources */,
				A260E1FF29776A15004AB659 /* ContactListCell.swift in Sources */,
				A26A74C9294BD5FA004FDBB8 /* AddGroupViewController.swift in Sources */,
				A2B76C6F29787B0F00EC2BBF /* EmergencyViewController.swift in Sources */,
				A28DD83329178BD600F40703 /* HomeViewController.swift in Sources */,
				A23D7A212978F0EA00995489 /* SideMenuListCell.swift in Sources */,
				A2D5144D294A528500A87BB9 /* CustomTabBarViewController.swift in Sources */,
			);
			runOnlyForDeploymentPostprocessing = 0;
		};
/* End PBXSourcesBuildPhase section */

/* Begin PBXVariantGroup section */
		A259E61B2916294000399D41 /* Main.storyboard */ = {
			isa = PBXVariantGroup;
			children = (
				A259E61C2916294000399D41 /* Base */,
			);
			name = Main.storyboard;
			sourceTree = "<group>";
		};
		A259E6202916294200399D41 /* LaunchScreen.storyboard */ = {
			isa = PBXVariantGroup;
			children = (
				A259E6212916294200399D41 /* Base */,
			);
			name = LaunchScreen.storyboard;
			sourceTree = "<group>";
		};
/* End PBXVariantGroup section */

/* Begin XCBuildConfiguration section */
		A259E6242916294200399D41 /* Debug */ = {
			isa = XCBuildConfiguration;
			buildSettings = {
				ALWAYS_SEARCH_USER_PATHS = NO;
				CLANG_ANALYZER_NONNULL = YES;
				CLANG_ANALYZER_NUMBER_OBJECT_CONVERSION = YES_AGGRESSIVE;
				CLANG_CXX_LANGUAGE_STANDARD = "gnu++20";
				CLANG_ENABLE_MODULES = YES;
				CLANG_ENABLE_OBJC_ARC = YES;
				CLANG_ENABLE_OBJC_WEAK = YES;
				CLANG_WARN_BLOCK_CAPTURE_AUTORELEASING = YES;
				CLANG_WARN_BOOL_CONVERSION = YES;
				CLANG_WARN_COMMA = YES;
				CLANG_WARN_CONSTANT_CONVERSION = YES;
				CLANG_WARN_DEPRECATED_OBJC_IMPLEMENTATIONS = YES;
				CLANG_WARN_DIRECT_OBJC_ISA_USAGE = YES_ERROR;
				CLANG_WARN_DOCUMENTATION_COMMENTS = YES;
				CLANG_WARN_EMPTY_BODY = YES;
				CLANG_WARN_ENUM_CONVERSION = YES;
				CLANG_WARN_INFINITE_RECURSION = YES;
				CLANG_WARN_INT_CONVERSION = YES;
				CLANG_WARN_NON_LITERAL_NULL_CONVERSION = YES;
				CLANG_WARN_OBJC_IMPLICIT_RETAIN_SELF = YES;
				CLANG_WARN_OBJC_LITERAL_CONVERSION = YES;
				CLANG_WARN_OBJC_ROOT_CLASS = YES_ERROR;
				CLANG_WARN_QUOTED_INCLUDE_IN_FRAMEWORK_HEADER = YES;
				CLANG_WARN_RANGE_LOOP_ANALYSIS = YES;
				CLANG_WARN_STRICT_PROTOTYPES = YES;
				CLANG_WARN_SUSPICIOUS_MOVE = YES;
				CLANG_WARN_UNGUARDED_AVAILABILITY = YES_AGGRESSIVE;
				CLANG_WARN_UNREACHABLE_CODE = YES;
				CLANG_WARN__DUPLICATE_METHOD_MATCH = YES;
				COPY_PHASE_STRIP = NO;
				DEBUG_INFORMATION_FORMAT = dwarf;
				ENABLE_STRICT_OBJC_MSGSEND = YES;
				ENABLE_TESTABILITY = YES;
				GCC_C_LANGUAGE_STANDARD = gnu11;
				GCC_DYNAMIC_NO_PIC = NO;
				GCC_NO_COMMON_BLOCKS = YES;
				GCC_OPTIMIZATION_LEVEL = 0;
				GCC_PREPROCESSOR_DEFINITIONS = (
					"DEBUG=1",
					"$(inherited)",
				);
				GCC_WARN_64_TO_32_BIT_CONVERSION = YES;
				GCC_WARN_ABOUT_RETURN_TYPE = YES_ERROR;
				GCC_WARN_UNDECLARED_SELECTOR = YES;
				GCC_WARN_UNINITIALIZED_AUTOS = YES_AGGRESSIVE;
				GCC_WARN_UNUSED_FUNCTION = YES;
				GCC_WARN_UNUSED_VARIABLE = YES;
				IPHONEOS_DEPLOYMENT_TARGET = 16.0;
				MTL_ENABLE_DEBUG_INFO = INCLUDE_SOURCE;
				MTL_FAST_MATH = YES;
				ONLY_ACTIVE_ARCH = YES;
				SDKROOT = iphoneos;
				SWIFT_ACTIVE_COMPILATION_CONDITIONS = DEBUG;
				SWIFT_OPTIMIZATION_LEVEL = "-Onone";
			};
			name = Debug;
		};
		A259E6252916294200399D41 /* Release */ = {
			isa = XCBuildConfiguration;
			buildSettings = {
				ALWAYS_SEARCH_USER_PATHS = NO;
				CLANG_ANALYZER_NONNULL = YES;
				CLANG_ANALYZER_NUMBER_OBJECT_CONVERSION = YES_AGGRESSIVE;
				CLANG_CXX_LANGUAGE_STANDARD = "gnu++20";
				CLANG_ENABLE_MODULES = YES;
				CLANG_ENABLE_OBJC_ARC = YES;
				CLANG_ENABLE_OBJC_WEAK = YES;
				CLANG_WARN_BLOCK_CAPTURE_AUTORELEASING = YES;
				CLANG_WARN_BOOL_CONVERSION = YES;
				CLANG_WARN_COMMA = YES;
				CLANG_WARN_CONSTANT_CONVERSION = YES;
				CLANG_WARN_DEPRECATED_OBJC_IMPLEMENTATIONS = YES;
				CLANG_WARN_DIRECT_OBJC_ISA_USAGE = YES_ERROR;
				CLANG_WARN_DOCUMENTATION_COMMENTS = YES;
				CLANG_WARN_EMPTY_BODY = YES;
				CLANG_WARN_ENUM_CONVERSION = YES;
				CLANG_WARN_INFINITE_RECURSION = YES;
				CLANG_WARN_INT_CONVERSION = YES;
				CLANG_WARN_NON_LITERAL_NULL_CONVERSION = YES;
				CLANG_WARN_OBJC_IMPLICIT_RETAIN_SELF = YES;
				CLANG_WARN_OBJC_LITERAL_CONVERSION = YES;
				CLANG_WARN_OBJC_ROOT_CLASS = YES_ERROR;
				CLANG_WARN_QUOTED_INCLUDE_IN_FRAMEWORK_HEADER = YES;
				CLANG_WARN_RANGE_LOOP_ANALYSIS = YES;
				CLANG_WARN_STRICT_PROTOTYPES = YES;
				CLANG_WARN_SUSPICIOUS_MOVE = YES;
				CLANG_WARN_UNGUARDED_AVAILABILITY = YES_AGGRESSIVE;
				CLANG_WARN_UNREACHABLE_CODE = YES;
				CLANG_WARN__DUPLICATE_METHOD_MATCH = YES;
				COPY_PHASE_STRIP = NO;
				DEBUG_INFORMATION_FORMAT = "dwarf-with-dsym";
				ENABLE_NS_ASSERTIONS = NO;
				ENABLE_STRICT_OBJC_MSGSEND = YES;
				GCC_C_LANGUAGE_STANDARD = gnu11;
				GCC_NO_COMMON_BLOCKS = YES;
				GCC_WARN_64_TO_32_BIT_CONVERSION = YES;
				GCC_WARN_ABOUT_RETURN_TYPE = YES_ERROR;
				GCC_WARN_UNDECLARED_SELECTOR = YES;
				GCC_WARN_UNINITIALIZED_AUTOS = YES_AGGRESSIVE;
				GCC_WARN_UNUSED_FUNCTION = YES;
				GCC_WARN_UNUSED_VARIABLE = YES;
				IPHONEOS_DEPLOYMENT_TARGET = 16.0;
				MTL_ENABLE_DEBUG_INFO = NO;
				MTL_FAST_MATH = YES;
				SDKROOT = iphoneos;
				SWIFT_COMPILATION_MODE = wholemodule;
				SWIFT_OPTIMIZATION_LEVEL = "-O";
				VALIDATE_PRODUCT = YES;
			};
			name = Release;
		};
		A259E6272916294200399D41 /* Debug */ = {
			isa = XCBuildConfiguration;
			baseConfigurationReference = ECA4BB3530F1EA53D9711155 /* Pods-SafelyApp.debug.xcconfig */;
			buildSettings = {
				ASSETCATALOG_COMPILER_APPICON_NAME = AppIcon;
				ASSETCATALOG_COMPILER_GLOBAL_ACCENT_COLOR_NAME = AccentColor;
				CODE_SIGN_IDENTITY = "Apple Development";
				CODE_SIGN_STYLE = Automatic;
				CURRENT_PROJECT_VERSION = 1;
				DEVELOPMENT_TEAM = GD6XG3RZ35;
				GENERATE_INFOPLIST_FILE = YES;
				INFOPLIST_FILE = SafelyApp/Info.plist;
				INFOPLIST_KEY_LSApplicationCategoryType = "public.app-category.utilities";
				INFOPLIST_KEY_NSLocationAlwaysAndWhenInUseUsageDescription = "Safely necesita de tu ubicacion actual en todo momento para poder funcionar";
				INFOPLIST_KEY_NSLocationWhenInUseUsageDescription = "Safely necesita de tu ubicacion actual en todo momento para poder funcionar";
				INFOPLIST_KEY_UIApplicationSupportsIndirectInputEvents = YES;
				INFOPLIST_KEY_UILaunchStoryboardName = LaunchScreen;
				INFOPLIST_KEY_UIMainStoryboardFile = Main;
				INFOPLIST_KEY_UISupportedInterfaceOrientations = UIInterfaceOrientationPortrait;
				INFOPLIST_KEY_UISupportedInterfaceOrientations_iPad = "UIInterfaceOrientationLandscapeLeft UIInterfaceOrientationLandscapeRight UIInterfaceOrientationPortrait UIInterfaceOrientationPortraitUpsideDown";
				IPHONEOS_DEPLOYMENT_TARGET = 15.0;
				LD_RUNPATH_SEARCH_PATHS = (
					"$(inherited)",
					"@executable_path/Frameworks",
				);
				MARKETING_VERSION = 1.0;
				PRODUCT_BUNDLE_IDENTIFIER = com.redflight.SafelyApp;
				PRODUCT_NAME = "$(TARGET_NAME)";
				PROVISIONING_PROFILE_SPECIFIER = "";
				SWIFT_EMIT_LOC_STRINGS = YES;
				SWIFT_VERSION = 5.0;
				TARGETED_DEVICE_FAMILY = "1,2";
			};
			name = Debug;
		};
		A259E6282916294200399D41 /* Release */ = {
			isa = XCBuildConfiguration;
			baseConfigurationReference = 494D4281670A30E601075F09 /* Pods-SafelyApp.release.xcconfig */;
			buildSettings = {
				ASSETCATALOG_COMPILER_APPICON_NAME = AppIcon;
				ASSETCATALOG_COMPILER_GLOBAL_ACCENT_COLOR_NAME = AccentColor;
				CODE_SIGN_IDENTITY = "Apple Development";
				CODE_SIGN_STYLE = Automatic;
				CURRENT_PROJECT_VERSION = 1;
				DEVELOPMENT_TEAM = GD6XG3RZ35;
				GENERATE_INFOPLIST_FILE = YES;
				INFOPLIST_FILE = SafelyApp/Info.plist;
				INFOPLIST_KEY_LSApplicationCategoryType = "public.app-category.utilities";
				INFOPLIST_KEY_NSLocationAlwaysAndWhenInUseUsageDescription = "Safely necesita de tu ubicacion actual en todo momento para poder funcionar";
				INFOPLIST_KEY_NSLocationWhenInUseUsageDescription = "Safely necesita de tu ubicacion actual en todo momento para poder funcionar";
				INFOPLIST_KEY_UIApplicationSupportsIndirectInputEvents = YES;
				INFOPLIST_KEY_UILaunchStoryboardName = LaunchScreen;
				INFOPLIST_KEY_UIMainStoryboardFile = Main;
				INFOPLIST_KEY_UISupportedInterfaceOrientations = UIInterfaceOrientationPortrait;
				INFOPLIST_KEY_UISupportedInterfaceOrientations_iPad = "UIInterfaceOrientationLandscapeLeft UIInterfaceOrientationLandscapeRight UIInterfaceOrientationPortrait UIInterfaceOrientationPortraitUpsideDown";
				IPHONEOS_DEPLOYMENT_TARGET = 15.0;
				LD_RUNPATH_SEARCH_PATHS = (
					"$(inherited)",
					"@executable_path/Frameworks",
				);
				MARKETING_VERSION = 1.0;
				PRODUCT_BUNDLE_IDENTIFIER = com.redflight.SafelyApp;
				PRODUCT_NAME = "$(TARGET_NAME)";
				PROVISIONING_PROFILE_SPECIFIER = "";
				SWIFT_EMIT_LOC_STRINGS = YES;
				SWIFT_VERSION = 5.0;
				TARGETED_DEVICE_FAMILY = "1,2";
			};
			name = Release;
		};
/* End XCBuildConfiguration section */

/* Begin XCConfigurationList section */
		A259E60D2916294000399D41 /* Build configuration list for PBXProject "SafelyApp" */ = {
			isa = XCConfigurationList;
			buildConfigurations = (
				A259E6242916294200399D41 /* Debug */,
				A259E6252916294200399D41 /* Release */,
			);
			defaultConfigurationIsVisible = 0;
			defaultConfigurationName = Release;
		};
		A259E6262916294200399D41 /* Build configuration list for PBXNativeTarget "SafelyApp" */ = {
			isa = XCConfigurationList;
			buildConfigurations = (
				A259E6272916294200399D41 /* Debug */,
				A259E6282916294200399D41 /* Release */,
			);
			defaultConfigurationIsVisible = 0;
			defaultConfigurationName = Release;
		};
/* End XCConfigurationList section */

/* Begin XCRemoteSwiftPackageReference section */
		A299CFA629244F8F006376C1 /* XCRemoteSwiftPackageReference "TinyConstraints" */ = {
			isa = XCRemoteSwiftPackageReference;
			repositoryURL = "https://github.com/roberthein/TinyConstraints.git";
			requirement = {
				kind = exactVersion;
				version = 4.0.2;
			};
		};
		A299CFA9292451DE006376C1 /* XCRemoteSwiftPackageReference "lottie-ios" */ = {
			isa = XCRemoteSwiftPackageReference;
			repositoryURL = "https://github.com/airbnb/lottie-ios.git";
			requirement = {
				branch = master;
				kind = branch;
			};
		};
/* End XCRemoteSwiftPackageReference section */

/* Begin XCSwiftPackageProductDependency section */
		A299CFA729244F90006376C1 /* TinyConstraints */ = {
			isa = XCSwiftPackageProductDependency;
			package = A299CFA629244F8F006376C1 /* XCRemoteSwiftPackageReference "TinyConstraints" */;
			productName = TinyConstraints;
		};
		A299CFAA292451DE006376C1 /* Lottie */ = {
			isa = XCSwiftPackageProductDependency;
			package = A299CFA9292451DE006376C1 /* XCRemoteSwiftPackageReference "lottie-ios" */;
			productName = Lottie;
		};
/* End XCSwiftPackageProductDependency section */
	};
	rootObject = A259E60A2916294000399D41 /* Project object */;
}
